
Microsoft Visual Studio Solution File, Format Version 12.00
# Visual Studio 14
VisualStudioVersion = 14.0.23107.0
MinimumVisualStudioVersion = 10.0.40219.1
Project("{FAE04EC0-301F-11D3-BF4B-00C04F79EFBC}") = "FormulaEvaluator", "FormulaEvaluator\FormulaEvaluator.csproj", "{D9AF17EA-4E94-495A-93F3-757106B1C801}"
EndProject
Project("{FAE04EC0-301F-11D3-BF4B-00C04F79EFBC}") = "EvaluatorTest", "EvaluatorTest\EvaluatorTest.csproj", "{09CBC659-C8D9-42BE-B749-C1CAC9881A82}"
EndProject
Global
	GlobalSection(SolutionConfigurationPlatforms) = preSolution
		Debug|Any CPU = Debug|Any CPU
		Release|Any CPU = Release|Any CPU
	EndGlobalSection
	GlobalSection(ProjectConfigurationPlatforms) = postSolution
		{D9AF17EA-4E94-495A-93F3-757106B1C801}.Debug|Any CPU.ActiveCfg = Debug|Any CPU
		{D9AF17EA-4E94-495A-93F3-757106B1C801}.Debug|Any CPU.Build.0 = Debug|Any CPU
		{D9AF17EA-4E94-495A-93F3-757106B1C801}.Release|Any CPU.ActiveCfg = Release|Any CPU
		{D9AF17EA-4E94-495A-93F3-757106B1C801}.Release|Any CPU.Build.0 = Release|Any CPU
		{09CBC659-C8D9-42BE-B749-C1CAC9881A82}.Debug|Any CPU.ActiveCfg = Debug|Any CPU
		{09CBC659-C8D9-42BE-B749-C1CAC9881A82}.Debug|Any CPU.Build.0 = Debug|Any CPU
		{09CBC659-C8D9-42BE-B749-C1CAC9881A82}.Release|Any CPU.ActiveCfg = Release|Any CPU
		{09CBC659-C8D9-42BE-B749-C1CAC9881A82}.Release|Any CPU.Build.0 = Release|Any CPU
	EndGlobalSection
	GlobalSection(SolutionProperties) = preSolution
		HideSolutionNode = FALSE
	EndGlobalSection
EndGlobal
